dependencies:
- name: api
  repository: ""
  version: 0.1.0
- name: auth
  repository: ""
  version: 0.1.0
- name: core
  repository: ""
  version: 0.1.0
- name: dispatch
  repository: ""
  version: 0.1.0
- name: frontends
  repository: ""
  version: 0.1.0
- name: rubbersoul
  repository: ""
  version: 0.1.0
- name: triggers
  repository: ""
  version: 0.1.0
- name: staff
  repository: ""
  version: 0.1.0
- name: init
  repository: ""
  version: 0.1.0
- name: etcd
  repository: https://charts.bitnami.com/bitnami
  version: 4.10.1
- name: rethinkdb
  repository: https://charts.helm.sh/stable/
  version: 1.1.4
- name: elasticsearch
  repository: https://charts.bitnami.com/bitnami
  version: 12.6.5
- name: redis
  repository: https://charts.bitnami.com/bitnami
  version: 10.8.2
- name: influxdb
  repository: https://charts.bitnami.com/bitnami
  version: 0.6.11
- name: mosquitto
  repository: https://halkeye.github.io/helm-charts/
  version: 0.2.0
- name: postgresql
  repository: https://charts.bitnami.com/bitnami
  version: 10.4.8
digest: sha256:f73d2516315be6779568f46716c3a4f533dde77e85aee98749cb87a61a0165df
generated: "2021-07-23T18:14:28.752026696+10:00"
