dependencies:
- name: api
  repository: ""
  version: 0.1.0
- name: auth
  repository: ""
  version: 0.1.0
- name: core
  repository: ""
  version: 0.1.0
- name: dispatch
  repository: ""
  version: 0.1.0
- name: frontendloader
  repository: ""
  version: 0.1.0
- name: searchingest
  repository: ""
  version: 0.1.0
- name: triggers
  repository: ""
  version: 0.1.0
- name: staff
  repository: ""
  version: 0.1.0
- name: init
  repository: ""
  version: 0.1.0
- name: etcd
  repository: https://charts.bitnami.com/bitnami
  version: 8.2.6
- name: rethinkdb
  repository: https://www.pozetron.com/helm/
  version: 1.1.9
- name: elasticsearch
  repository: https://charts.bitnami.com/bitnami
  version: 18.2.16
- name: redis
  repository: https://charts.bitnami.com/bitnami
  version: 16.11.3
- name: influxdb
  repository: https://charts.bitnami.com/bitnami
  version: 5.3.12
- name: mosquitto
  repository: https://halkeye.github.io/helm-charts/
  version: 0.2.0
- name: postgresql
  repository: https://charts.bitnami.com/bitnami
  version: 11.6.26
digest: sha256:69b5cb2777e8c8c71c126af3a86e88e1c014de13d9be1fec7ae8fa8fe2dfb6a3
generated: "2022-10-24T13:17:50.884466128+11:00"
